
Microsoft Visual Studio Solution File, Format Version 12.00
# Visual Studio 15
VisualStudioVersion = 15.0.27130.2010
MinimumVisualStudioVersion = 10.0.40219.1
Project("{9A19103F-16F7-4668-BE54-9A1E7A4F7556}") = ".build", "build\.build.csproj", "{13E8C64A-B3B8-4B63-BBFF-776D7989C1A8}"
EndProject
Project("{2150E333-8FDC-42A3-9474-1A3956D46DE8}") = "build", "build", "{9BF175B6-757B-4C48-9390-F1DAFBBCC7FD}"
	ProjectSection(SolutionItems) = preProject
		.gitignore = .gitignore
		.gitlab-ci.yml = .gitlab-ci.yml
		dockerfile = dockerfile
		README.md = README.md
	EndProjectSection
EndProject
Project("{6EC3EE1D-3C4E-46DD-8F32-0CC8E7565705}") = "Helm.Terminal", "src\Helm.Terminal.fsproj", "{47104D93-6413-4B94-8F89-D485A07E88C2}"
EndProject
Project("{6EC3EE1D-3C4E-46DD-8F32-0CC8E7565705}") = "Helm.Terminal.Tests", "tests\Helm.Terminal.Tests.fsproj", "{9828788C-396D-4E22-9A26-7CEDE98220B1}"
EndProject
Global
	GlobalSection(SolutionConfigurationPlatforms) = preSolution
		Debug|Any CPU = Debug|Any CPU
		Release|Any CPU = Release|Any CPU
	EndGlobalSection
	GlobalSection(ProjectConfigurationPlatforms) = postSolution
		{13E8C64A-B3B8-4B63-BBFF-776D7989C1A8}.Debug|Any CPU.ActiveCfg = Debug|Any CPU
		{13E8C64A-B3B8-4B63-BBFF-776D7989C1A8}.Release|Any CPU.ActiveCfg = Release|Any CPU
		{47104D93-6413-4B94-8F89-D485A07E88C2}.Debug|Any CPU.ActiveCfg = Debug|Any CPU
		{47104D93-6413-4B94-8F89-D485A07E88C2}.Debug|Any CPU.Build.0 = Debug|Any CPU
		{47104D93-6413-4B94-8F89-D485A07E88C2}.Release|Any CPU.ActiveCfg = Release|Any CPU
		{47104D93-6413-4B94-8F89-D485A07E88C2}.Release|Any CPU.Build.0 = Release|Any CPU
		{9828788C-396D-4E22-9A26-7CEDE98220B1}.Debug|Any CPU.ActiveCfg = Debug|Any CPU
		{9828788C-396D-4E22-9A26-7CEDE98220B1}.Debug|Any CPU.Build.0 = Debug|Any CPU
		{9828788C-396D-4E22-9A26-7CEDE98220B1}.Release|Any CPU.ActiveCfg = Release|Any CPU
		{9828788C-396D-4E22-9A26-7CEDE98220B1}.Release|Any CPU.Build.0 = Release|Any CPU
	EndGlobalSection
	GlobalSection(SolutionProperties) = preSolution
		HideSolutionNode = FALSE
	EndGlobalSection
	GlobalSection(NestedProjects) = preSolution
		{13E8C64A-B3B8-4B63-BBFF-776D7989C1A8} = {9BF175B6-757B-4C48-9390-F1DAFBBCC7FD}
	EndGlobalSection
	GlobalSection(ExtensibilityGlobals) = postSolution
		SolutionGuid = {40927CDC-BF4E-4567-80D0-A5098945020B}
	EndGlobalSection
EndGlobal
